{
  "name": "sistema",
  "version": "0.0.0",
  "lockfileVersion": 2,
  "requires": true,
  "packages": {
    "": {
      "version": "0.0.0",
      "license": "MIT",
      "devDependencies": {
        "prettier": "^2.8.8",
        "zunit": "^4.0.2"
      }
    },
    "node_modules/gracefully": {
      "version": "2.0.0",
      "resolved": "https://registry.npmjs.org/gracefully/-/gracefully-2.0.0.tgz",
      "integrity": "sha512-vgh6gG72+dN2jh1g9sRou3Y3ra2wtk9E9e/5P+a5bzjlrexpJQswlygLo9nkoRHzf3RW4bcPEXXSrIQBIT2rCQ==",
      "dev": true
    },
    "node_modules/husky": {
      "version": "8.0.3",
      "resolved": "https://registry.npmjs.org/husky/-/husky-8.0.3.tgz",
      "integrity": "sha512-+dQSyqPh4x1hlO1swXBiNb2HzTDN1I2IGLQx1GrBuiqFJfoMrnZWwVmatvSiO+Iz8fBUnf+lekwNo4c2LlXItg==",
      "dev": true,
      "bin": {
        "husky": "lib/bin.js"
      },
      "engines": {
        "node": ">=14"
      },
      "funding": {
        "url": "https://github.com/sponsors/typicode"
      }
    },
    "node_modules/prettier": {
      "version": "2.8.8",
      "resolved": "https://registry.npmjs.org/prettier/-/prettier-2.8.8.tgz",
      "integrity": "sha512-tdN8qQGvNjw4CHbY+XXk0JgCXn9QiF21a55rBe5LJAU+kDyC4WQn4+awm2Xfk2lQMk5fKup9XgzTZtGkjBdP9Q==",
      "dev": true,
      "bin": {
        "prettier": "bin-prettier.js"
      },
      "engines": {
        "node": ">=10.13.0"
      },
      "funding": {
        "url": "https://github.com/prettier/prettier?sponsor=1"
      }
    },
    "node_modules/zunit": {
      "version": "4.0.2",
      "resolved": "https://registry.npmjs.org/zunit/-/zunit-4.0.2.tgz",
      "integrity": "sha512-k6F+1OMmu00x8xk9WVLFE9QUiu0gHyOgXjq0egQsWN9QefGzq5gDwtHFVTqaz5YSxStuRbM+fWDHLbtr/xdiUw==",
      "dev": true,
      "bin": {
        "zUnit": "bin/zUnit.js"
      },
      "engines": {
        "node": ">=14"
      }
    }
  },
  "dependencies": {
    "gracefully": {
      "version": "https://registry.npmjs.org/gracefully/-/gracefully-2.0.0.tgz",
      "integrity": "sha512-vgh6gG72+dN2jh1g9sRou3Y3ra2wtk9E9e/5P+a5bzjlrexpJQswlygLo9nkoRHzf3RW4bcPEXXSrIQBIT2rCQ==",
      "dev": true
    },
    "husky": {
      "version": "https://registry.npmjs.org/husky/-/husky-8.0.3.tgz",
      "integrity": "sha512-+dQSyqPh4x1hlO1swXBiNb2HzTDN1I2IGLQx1GrBuiqFJfoMrnZWwVmatvSiO+Iz8fBUnf+lekwNo4c2LlXItg==",
      "dev": true
    },
    "prettier": {
      "version": "2.8.8",
      "resolved": "https://registry.npmjs.org/prettier/-/prettier-2.8.8.tgz",
      "integrity": "sha512-tdN8qQGvNjw4CHbY+XXk0JgCXn9QiF21a55rBe5LJAU+kDyC4WQn4+awm2Xfk2lQMk5fKup9XgzTZtGkjBdP9Q==",
      "dev": true
    },
    "zunit": {
      "version": "4.0.2",
      "resolved": "https://registry.npmjs.org/zunit/-/zunit-4.0.2.tgz",
      "integrity": "sha512-k6F+1OMmu00x8xk9WVLFE9QUiu0gHyOgXjq0egQsWN9QefGzq5gDwtHFVTqaz5YSxStuRbM+fWDHLbtr/xdiUw==",
      "dev": true
    }
  }
}
